
Microsoft Visual Studio Solution File, Format Version 12.00
# Visual Studio Version 16
VisualStudioVersion = 16.0.30309.148
MinimumVisualStudioVersion = 10.0.40219.1
Project("{FAE04EC0-301F-11D3-BF4B-00C04F79EFBC}") = "GeniusAndSpotify", "GeniusAndSpotify\GeniusAndSpotify.csproj", "{8387C9DF-621B-45CB-A416-8E1CA6562346}"
EndProject
Project("{FAE04EC0-301F-11D3-BF4B-00C04F79EFBC}") = "SpotifyLyrics", "SpotifyLyrics\SpotifyLyrics.csproj", "{236D809C-55B9-47DE-A3C7-CF35FDDDCC21}"
EndProject
Global
	GlobalSection(SolutionConfigurationPlatforms) = preSolution
		Debug|Any CPU = Debug|Any CPU
		Release|Any CPU = Release|Any CPU
	EndGlobalSection
	GlobalSection(ProjectConfigurationPlatforms) = postSolution
		{8387C9DF-621B-45CB-A416-8E1CA6562346}.Debug|Any CPU.ActiveCfg = Debug|Any CPU
		{8387C9DF-621B-45CB-A416-8E1CA6562346}.Debug|Any CPU.Build.0 = Debug|Any CPU
		{8387C9DF-621B-45CB-A416-8E1CA6562346}.Release|Any CPU.ActiveCfg = Release|Any CPU
		{8387C9DF-621B-45CB-A416-8E1CA6562346}.Release|Any CPU.Build.0 = Release|Any CPU
		{236D809C-55B9-47DE-A3C7-CF35FDDDCC21}.Debug|Any CPU.ActiveCfg = Debug|Any CPU
		{236D809C-55B9-47DE-A3C7-CF35FDDDCC21}.Debug|Any CPU.Build.0 = Debug|Any CPU
		{236D809C-55B9-47DE-A3C7-CF35FDDDCC21}.Release|Any CPU.ActiveCfg = Release|Any CPU
		{236D809C-55B9-47DE-A3C7-CF35FDDDCC21}.Release|Any CPU.Build.0 = Release|Any CPU
	EndGlobalSection
	GlobalSection(SolutionProperties) = preSolution
		HideSolutionNode = FALSE
	EndGlobalSection
	GlobalSection(ExtensibilityGlobals) = postSolution
		SolutionGuid = {C868D21F-DA68-4A9A-9F12-8C967C6ADBCA}
	EndGlobalSection
EndGlobal
